{
  "requires": true,
  "lockfileVersion": 1,
  "dependencies": {
    "eth": {
      "version": "4.0.1",
      "resolved": "https://registry.npmjs.org/eth/-/eth-4.0.1.tgz",
      "integrity": "sha1-KoUjrU6rcyj+UsTiN7DZ7iCf9TI=",
      "requires": {
        "ramda": "0.21.0"
      }
    },
    "ramda": {
      "version": "0.21.0",
      "resolved": "https://registry.npmjs.org/ramda/-/ramda-0.21.0.tgz",
      "integrity": "sha1-oAGr7bP/YQd9T/HVd9RN536NCjU="
    }
  }
}
